
Microsoft Visual Studio Solution File, Format Version 12.00
# Visual Studio 15
VisualStudioVersion = 15.0.27428.2037
MinimumVisualStudioVersion = 10.0.40219.1
Project("{FAE04EC0-301F-11D3-BF4B-00C04F79EFBC}") = "EmmySpel", "EmmySpel\EmmySpel.csproj", "{DD718DCA-6412-4BDC-9BF3-DF64B4D3E676}"
EndProject
Global
	GlobalSection(SolutionConfigurationPlatforms) = preSolution
		Debug|Any CPU = Debug|Any CPU
		Release|Any CPU = Release|Any CPU
	EndGlobalSection
	GlobalSection(ProjectConfigurationPlatforms) = postSolution
		{DD718DCA-6412-4BDC-9BF3-DF64B4D3E676}.Debug|Any CPU.ActiveCfg = Debug|Any CPU
		{DD718DCA-6412-4BDC-9BF3-DF64B4D3E676}.Debug|Any CPU.Build.0 = Debug|Any CPU
		{DD718DCA-6412-4BDC-9BF3-DF64B4D3E676}.Release|Any CPU.ActiveCfg = Release|Any CPU
		{DD718DCA-6412-4BDC-9BF3-DF64B4D3E676}.Release|Any CPU.Build.0 = Release|Any CPU
	EndGlobalSection
	GlobalSection(SolutionProperties) = preSolution
		HideSolutionNode = FALSE
	EndGlobalSection
	GlobalSection(ExtensibilityGlobals) = postSolution
		SolutionGuid = {46240D39-88D1-4001-9BE0-7C2474D2AE17}
	EndGlobalSection
EndGlobal
